
Microsoft Visual Studio Solution File, Format Version 12.00
# Visual Studio Version 17
VisualStudioVersion = 17.4.33205.214
MinimumVisualStudioVersion = 10.0.40219.1
Project("{FAE04EC0-301F-11D3-BF4B-00C04F79EFBC}") = "DSS", "DSS.csproj", "{BC3CE843-856C-4CD7-8E19-016219E4EA0D}"
	ProjectSection(ProjectDependencies) = postProject
		{28C1CA90-D516-48B3-A2CE-4F6FB9EE7DEE} = {28C1CA90-D516-48B3-A2CE-4F6FB9EE7DEE}
	EndProjectSection
EndProject
Project("{9A19103F-16F7-4668-BE54-9A1E7A4F7556}") = "SuperSimpleTcp", "api\src\SuperSimpleTcp\SuperSimpleTcp.csproj", "{28C1CA90-D516-48B3-A2CE-4F6FB9EE7DEE}"
EndProject
Global
	GlobalSection(SolutionConfigurationPlatforms) = preSolution
		Debug|Any CPU = Debug|Any CPU
		Release|Any CPU = Release|Any CPU
	EndGlobalSection
	GlobalSection(ProjectConfigurationPlatforms) = postSolution
		{BC3CE843-856C-4CD7-8E19-016219E4EA0D}.Debug|Any CPU.ActiveCfg = Debug|Any CPU
		{BC3CE843-856C-4CD7-8E19-016219E4EA0D}.Debug|Any CPU.Build.0 = Debug|Any CPU
		{BC3CE843-856C-4CD7-8E19-016219E4EA0D}.Release|Any CPU.ActiveCfg = Release|Any CPU
		{BC3CE843-856C-4CD7-8E19-016219E4EA0D}.Release|Any CPU.Build.0 = Release|Any CPU
		{28C1CA90-D516-48B3-A2CE-4F6FB9EE7DEE}.Debug|Any CPU.ActiveCfg = Debug|Any CPU
		{28C1CA90-D516-48B3-A2CE-4F6FB9EE7DEE}.Debug|Any CPU.Build.0 = Debug|Any CPU
		{28C1CA90-D516-48B3-A2CE-4F6FB9EE7DEE}.Release|Any CPU.ActiveCfg = Release|Any CPU
		{28C1CA90-D516-48B3-A2CE-4F6FB9EE7DEE}.Release|Any CPU.Build.0 = Release|Any CPU
	EndGlobalSection
	GlobalSection(SolutionProperties) = preSolution
		HideSolutionNode = FALSE
	EndGlobalSection
	GlobalSection(ExtensibilityGlobals) = postSolution
		SolutionGuid = {99D0608C-0110-4879-B26B-6D0DFD535144}
	EndGlobalSection
EndGlobal
